# IF THERE'S A GIT CONFLICT IN THIS FILE, DON'T SOLVE IT MANUALLY!
# INSTEAD EXECUTE `prisma migrate fix`
# Prisma Migrate lockfile v1
# Read more about conflict resolution here: TODO

20200428095646-add-job-and-tag
20200430223359-update-job-and-tag-models
20200430224040-update-job-and-tag-models
20200504181510-add-description
20200505101424-add-company-relation
20200505112234-add-aggregate-id-for-jobs